
Microsoft Visual Studio Solution File, Format Version 12.00
# Visual Studio Version 17
VisualStudioVersion = 17.4.33103.184
MinimumVisualStudioVersion = 10.0.40219.1
Project("{54A90642-561A-4BB1-A94E-469ADEE60C69}") = "SalonML", "SalonML\SalonML.esproj", "{F972B4FF-0191-4942-A6C4-FB27C3ABC2DB}"
EndProject
Global
	GlobalSection(SolutionConfigurationPlatforms) = preSolution
		Debug|Any CPU = Debug|Any CPU
		Release|Any CPU = Release|Any CPU
	EndGlobalSection
	GlobalSection(ProjectConfigurationPlatforms) = postSolution
		{F972B4FF-0191-4942-A6C4-FB27C3ABC2DB}.Debug|Any CPU.ActiveCfg = Debug|Any CPU
		{F972B4FF-0191-4942-A6C4-FB27C3ABC2DB}.Debug|Any CPU.Build.0 = Debug|Any CPU
		{F972B4FF-0191-4942-A6C4-FB27C3ABC2DB}.Debug|Any CPU.Deploy.0 = Debug|Any CPU
		{F972B4FF-0191-4942-A6C4-FB27C3ABC2DB}.Release|Any CPU.ActiveCfg = Release|Any CPU
		{F972B4FF-0191-4942-A6C4-FB27C3ABC2DB}.Release|Any CPU.Build.0 = Release|Any CPU
		{F972B4FF-0191-4942-A6C4-FB27C3ABC2DB}.Release|Any CPU.Deploy.0 = Release|Any CPU
	EndGlobalSection
	GlobalSection(SolutionProperties) = preSolution
		HideSolutionNode = FALSE
	EndGlobalSection
	GlobalSection(ExtensibilityGlobals) = postSolution
		SolutionGuid = {F4225AD9-2DFD-4E4F-BD42-D941A362C90B}
	EndGlobalSection
EndGlobal
